
Microsoft Visual Studio Solution File, Format Version 12.00
# Visual Studio Version 17
VisualStudioVersion = 17.3.32929.385
MinimumVisualStudioVersion = 10.0.40219.1
Project("{9A19103F-16F7-4668-BE54-9A1E7A4F7556}") = "Photino.React.Testing", "Photino.React.Testing.csproj", "{5BA95B60-1821-4734-A3BA-2BC98A4C9FDB}"
EndProject
Global
	GlobalSection(SolutionConfigurationPlatforms) = preSolution
		Debug|Any CPU = Debug|Any CPU
		Release|Any CPU = Release|Any CPU
	EndGlobalSection
	GlobalSection(ProjectConfigurationPlatforms) = postSolution
		{5BA95B60-1821-4734-A3BA-2BC98A4C9FDB}.Debug|Any CPU.ActiveCfg = Debug|Any CPU
		{5BA95B60-1821-4734-A3BA-2BC98A4C9FDB}.Debug|Any CPU.Build.0 = Debug|Any CPU
		{5BA95B60-1821-4734-A3BA-2BC98A4C9FDB}.Release|Any CPU.ActiveCfg = Release|Any CPU
		{5BA95B60-1821-4734-A3BA-2BC98A4C9FDB}.Release|Any CPU.Build.0 = Release|Any CPU
	EndGlobalSection
	GlobalSection(SolutionProperties) = preSolution
		HideSolutionNode = FALSE
	EndGlobalSection
	GlobalSection(ExtensibilityGlobals) = postSolution
		SolutionGuid = {FEF1C024-A9DE-47BC-8BE9-88965060980D}
	EndGlobalSection
EndGlobal
